
Microsoft Visual Studio Solution File, Format Version 12.00
# Visual Studio Version 17
VisualStudioVersion = 17.14.36327.8 d17.14
MinimumVisualStudioVersion = 10.0.40219.1
Project("{FAE04EC0-301F-11D3-BF4B-00C04F79EFBC}") = "ESOServerStatusDaemon", "ESOServerStatusDaemon.csproj", "{4A347A18-67CB-4228-9A06-A9B24814F2C2}"
EndProject
Global
	GlobalSection(SolutionConfigurationPlatforms) = preSolution
		Debug|Any CPU = Debug|Any CPU
		Release|Any CPU = Release|Any CPU
	EndGlobalSection
	GlobalSection(ProjectConfigurationPlatforms) = postSolution
		{4A347A18-67CB-4228-9A06-A9B24814F2C2}.Debug|Any CPU.ActiveCfg = Debug|Any CPU
		{4A347A18-67CB-4228-9A06-A9B24814F2C2}.Debug|Any CPU.Build.0 = Debug|Any CPU
		{4A347A18-67CB-4228-9A06-A9B24814F2C2}.Release|Any CPU.ActiveCfg = Release|Any CPU
		{4A347A18-67CB-4228-9A06-A9B24814F2C2}.Release|Any CPU.Build.0 = Release|Any CPU
	EndGlobalSection
	GlobalSection(SolutionProperties) = preSolution
		HideSolutionNode = FALSE
	EndGlobalSection
	GlobalSection(ExtensibilityGlobals) = postSolution
		SolutionGuid = {F26CB53F-8DB7-4480-90C4-4065630375AD}
	EndGlobalSection
EndGlobal
